
Microsoft Visual Studio Solution File, Format Version 12.00
# Visual Studio 15
VisualStudioVersion = 15.0.28307.645
MinimumVisualStudioVersion = 10.0.40219.1
Project("{FAE04EC0-301F-11D3-BF4B-00C04F79EFBC}") = "Abc.Nrtwnd.Core", "Abc.Core\Abc.Nrtwnd.Core.csproj", "{261229C6-4BA4-4961-8B53-9AB2902D7CF1}"
EndProject
Project("{FAE04EC0-301F-11D3-BF4B-00C04F79EFBC}") = "Abc.Nrtwnd.DataAccessLayer", "Abc.DataAccessLayer\Abc.Nrtwnd.DataAccessLayer.csproj", "{817B27B0-875E-403D-AE28-333A94A1E41F}"
EndProject
Project("{FAE04EC0-301F-11D3-BF4B-00C04F79EFBC}") = "Abc.Nrtwnd.BusinessLayer", "Abc.BusinessLayer\Abc.Nrtwnd.BusinessLayer.csproj", "{C2340177-6E9D-4243-8BEC-D2B138128E34}"
EndProject
Project("{FAE04EC0-301F-11D3-BF4B-00C04F79EFBC}") = "Abc.Nrtwnd.Entities", "Abc.Entities\Abc.Nrtwnd.Entities.csproj", "{4CC08C6B-CC50-45BC-8C77-50889E17A4FC}"
EndProject
Project("{FAE04EC0-301F-11D3-BF4B-00C04F79EFBC}") = "Abc.Nrtwnd.WebUI", "Abc.Nrtwnd.WebUI\Abc.Nrtwnd.WebUI.csproj", "{FE5F8FFA-6A43-4AED-9B50-891885ED3645}"
EndProject
Global
	GlobalSection(SolutionConfigurationPlatforms) = preSolution
		Debug|Any CPU = Debug|Any CPU
		Release|Any CPU = Release|Any CPU
	EndGlobalSection
	GlobalSection(ProjectConfigurationPlatforms) = postSolution
		{261229C6-4BA4-4961-8B53-9AB2902D7CF1}.Debug|Any CPU.ActiveCfg = Debug|Any CPU
		{261229C6-4BA4-4961-8B53-9AB2902D7CF1}.Debug|Any CPU.Build.0 = Debug|Any CPU
		{261229C6-4BA4-4961-8B53-9AB2902D7CF1}.Release|Any CPU.ActiveCfg = Release|Any CPU
		{261229C6-4BA4-4961-8B53-9AB2902D7CF1}.Release|Any CPU.Build.0 = Release|Any CPU
		{817B27B0-875E-403D-AE28-333A94A1E41F}.Debug|Any CPU.ActiveCfg = Debug|Any CPU
		{817B27B0-875E-403D-AE28-333A94A1E41F}.Debug|Any CPU.Build.0 = Debug|Any CPU
		{817B27B0-875E-403D-AE28-333A94A1E41F}.Release|Any CPU.ActiveCfg = Release|Any CPU
		{817B27B0-875E-403D-AE28-333A94A1E41F}.Release|Any CPU.Build.0 = Release|Any CPU
		{C2340177-6E9D-4243-8BEC-D2B138128E34}.Debug|Any CPU.ActiveCfg = Debug|Any CPU
		{C2340177-6E9D-4243-8BEC-D2B138128E34}.Debug|Any CPU.Build.0 = Debug|Any CPU
		{C2340177-6E9D-4243-8BEC-D2B138128E34}.Release|Any CPU.ActiveCfg = Release|Any CPU
		{C2340177-6E9D-4243-8BEC-D2B138128E34}.Release|Any CPU.Build.0 = Release|Any CPU
		{4CC08C6B-CC50-45BC-8C77-50889E17A4FC}.Debug|Any CPU.ActiveCfg = Debug|Any CPU
		{4CC08C6B-CC50-45BC-8C77-50889E17A4FC}.Debug|Any CPU.Build.0 = Debug|Any CPU
		{4CC08C6B-CC50-45BC-8C77-50889E17A4FC}.Release|Any CPU.ActiveCfg = Release|Any CPU
		{4CC08C6B-CC50-45BC-8C77-50889E17A4FC}.Release|Any CPU.Build.0 = Release|Any CPU
		{FE5F8FFA-6A43-4AED-9B50-891885ED3645}.Debug|Any CPU.ActiveCfg = Debug|Any CPU
		{FE5F8FFA-6A43-4AED-9B50-891885ED3645}.Debug|Any CPU.Build.0 = Debug|Any CPU
		{FE5F8FFA-6A43-4AED-9B50-891885ED3645}.Release|Any CPU.ActiveCfg = Release|Any CPU
		{FE5F8FFA-6A43-4AED-9B50-891885ED3645}.Release|Any CPU.Build.0 = Release|Any CPU
	EndGlobalSection
	GlobalSection(SolutionProperties) = preSolution
		HideSolutionNode = FALSE
	EndGlobalSection
	GlobalSection(ExtensibilityGlobals) = postSolution
		SolutionGuid = {4A23E389-5895-4DC6-AE20-BBDF09B0587C}
	EndGlobalSection
EndGlobal
